// !$*UTF8*$!
{
	archiveVersion = 1;
	classes = {
	};
	objectVersion = 56;
	objects = {

/* Begin PBXBuildFile section */
		33611BFA29724BD000F9A23C /* CatWidgetApp.swift in Sources */ = {isa = PBXBuildFile; fileRef = 33611BF929724BD000F9A23C /* CatWidgetApp.swift */; };
		33611BFC29724BD000F9A23C /* ContentView.swift in Sources */ = {isa = PBXBuildFile; fileRef = 33611BFB29724BD000F9A23C /* ContentView.swift */; };
		33611BFE29724BD200F9A23C /* Assets.xcassets in Resources */ = {isa = PBXBuildFile; fileRef = 33611BFD29724BD200F9A23C /* Assets.xcassets */; };
		33611C0129724BD200F9A23C /* Preview Assets.xcassets in Resources */ = {isa = PBXBuildFile; fileRef = 33611C0029724BD200F9A23C /* Preview Assets.xcassets */; };
		33611C0829724D4500F9A23C /* Cat.swift in Sources */ = {isa = PBXBuildFile; fileRef = 33611C0729724D4500F9A23C /* Cat.swift */; };
		33611C0B29724ECE00F9A23C /* CircularImageView.swift in Sources */ = {isa = PBXBuildFile; fileRef = 33611C0A29724ECE00F9A23C /* CircularImageView.swift */; };
		33611C0D2972510A00F9A23C /* CatView.swift in Sources */ = {isa = PBXBuildFile; fileRef = 33611C0C2972510A00F9A23C /* CatView.swift */; };
		33611C1629725C0000F9A23C /* WidgetKit.framework in Frameworks */ = {isa = PBXBuildFile; fileRef = 33611C1529725C0000F9A23C /* WidgetKit.framework */; };
		33611C1829725C0000F9A23C /* SwiftUI.framework in Frameworks */ = {isa = PBXBuildFile; fileRef = 33611C1729725C0000F9A23C /* SwiftUI.framework */; };
		33611C1B29725C0000F9A23C /* WidgetCatBundle.swift in Sources */ = {isa = PBXBuildFile; fileRef = 33611C1A29725C0000F9A23C /* WidgetCatBundle.swift */; };
		33611C1D29725C0000F9A23C /* WidgetCatLiveActivity.swift in Sources */ = {isa = PBXBuildFile; fileRef = 33611C1C29725C0000F9A23C /* WidgetCatLiveActivity.swift */; };
		33611C1F29725C0000F9A23C /* WidgetCat.swift in Sources */ = {isa = PBXBuildFile; fileRef = 33611C1E29725C0000F9A23C /* WidgetCat.swift */; };
		33611C2229725C0200F9A23C /* Assets.xcassets in Resources */ = {isa = PBXBuildFile; fileRef = 33611C2129725C0200F9A23C /* Assets.xcassets */; };
		33611C2429725C0200F9A23C /* WidgetCat.intentdefinition in Sources */ = {isa = PBXBuildFile; fileRef = 33611C2029725C0000F9A23C /* WidgetCat.intentdefinition */; };
		33611C2529725C0200F9A23C /* WidgetCat.intentdefinition in Sources */ = {isa = PBXBuildFile; fileRef = 33611C2029725C0000F9A23C /* WidgetCat.intentdefinition */; };
		33611C2829725C0200F9A23C /* WidgetCatExtension.appex in Embed Foundation Extensions */ = {isa = PBXBuildFile; fileRef = 33611C1329725C0000F9A23C /* WidgetCatExtension.appex */; settings = {ATTRIBUTES = (RemoveHeadersOnCopy, ); }; };
		33611C2D29725C5400F9A23C /* CatView.swift in Sources */ = {isa = PBXBuildFile; fileRef = 33611C0C2972510A00F9A23C /* CatView.swift */; };
		33611C2E29725C6500F9A23C /* CircularImageView.swift in Sources */ = {isa = PBXBuildFile; fileRef = 33611C0A29724ECE00F9A23C /* CircularImageView.swift */; };
		33611C2F29725C7200F9A23C /* Cat.swift in Sources */ = {isa = PBXBuildFile; fileRef = 33611C0729724D4500F9A23C /* Cat.swift */; };
		33611C3029725E1900F9A23C /* Assets.xcassets in Resources */ = {isa = PBXBuildFile; fileRef = 33611BFD29724BD200F9A23C /* Assets.xcassets */; };
/* End PBXBuildFile section */

/* Begin PBXContainerItemProxy section */
		33611C2629725C0200F9A23C /* PBXContainerItemProxy */ = {
			isa = PBXContainerItemProxy;
			containerPortal = 33611BEE29724BCF00F9A23C /* Project object */;
			proxyType = 1;
			remoteGlobalIDString = 33611C1229725C0000F9A23C;
			remoteInfo = WidgetCatExtension;
		};
/* End PBXContainerItemProxy section */

/* Begin PBXCopyFilesBuildPhase section */
		33611C2C29725C0200F9A23C /* Embed Foundation Extensions */ = {
			isa = PBXCopyFilesBuildPhase;
			buildActionMask = 2147483647;
			dstPath = "";
			dstSubfolderSpec = 13;
			files = (
				33611C2829725C0200F9A23C /* WidgetCatExtension.appex in Embed Foundation Extensions */,
			);
			name = "Embed Foundation Extensions";
			runOnlyForDeploymentPostprocessing = 0;
		};
/* End PBXCopyFilesBuildPhase section */

/* Begin PBXFileReference section */
		33611BF629724BD000F9A23C /* CatWidget.app */ = {isa = PBXFileReference; explicitFileType = wrapper.application; includeInIndex = 0; path = CatWidget.app; sourceTree = BUILT_PRODUCTS_DIR; };
		33611BF929724BD000F9A23C /* CatWidgetApp.swift */ = {isa = PBXFileReference; lastKnownFileType = sourcecode.swift; path = CatWidgetApp.swift; sourceTree = "<group>"; };
		33611BFB29724BD000F9A23C /* ContentView.swift */ = {isa = PBXFileReference; lastKnownFileType = sourcecode.swift; path = ContentView.swift; sourceTree = "<group>"; };
		33611BFD29724BD200F9A23C /* Assets.xcassets */ = {isa = PBXFileReference; lastKnownFileType = folder.assetcatalog; path = Assets.xcassets; sourceTree = "<group>"; };
		33611C0029724BD200F9A23C /* Preview Assets.xcassets */ = {isa = PBXFileReference; lastKnownFileType = folder.assetcatalog; path = "Preview Assets.xcassets"; sourceTree = "<group>"; };
		33611C0729724D4500F9A23C /* Cat.swift */ = {isa = PBXFileReference; lastKnownFileType = sourcecode.swift; path = Cat.swift; sourceTree = "<group>"; };
		33611C0A29724ECE00F9A23C /* CircularImageView.swift */ = {isa = PBXFileReference; lastKnownFileType = sourcecode.swift; path = CircularImageView.swift; sourceTree = "<group>"; };
		33611C0C2972510A00F9A23C /* CatView.swift */ = {isa = PBXFileReference; lastKnownFileType = sourcecode.swift; path = CatView.swift; sourceTree = "<group>"; };
		33611C0E29725A7700F9A23C /* CatWidget.entitlements */ = {isa = PBXFileReference; lastKnownFileType = text.plist.entitlements; path = CatWidget.entitlements; sourceTree = "<group>"; };
		33611C1329725C0000F9A23C /* WidgetCatExtension.appex */ = {isa = PBXFileReference; explicitFileType = "wrapper.app-extension"; includeInIndex = 0; path = WidgetCatExtension.appex; sourceTree = BUILT_PRODUCTS_DIR; };
		33611C1529725C0000F9A23C /* WidgetKit.framework */ = {isa = PBXFileReference; lastKnownFileType = wrapper.framework; name = WidgetKit.framework; path = System/Library/Frameworks/WidgetKit.framework; sourceTree = SDKROOT; };
		33611C1729725C0000F9A23C /* SwiftUI.framework */ = {isa = PBXFileReference; lastKnownFileType = wrapper.framework; name = SwiftUI.framework; path = System/Library/Frameworks/SwiftUI.framework; sourceTree = SDKROOT; };
		33611C1A29725C0000F9A23C /* WidgetCatBundle.swift */ = {isa = PBXFileReference; lastKnownFileType = sourcecode.swift; path = WidgetCatBundle.swift; sourceTree = "<group>"; };
		33611C1C29725C0000F9A23C /* WidgetCatLiveActivity.swift */ = {isa = PBXFileReference; lastKnownFileType = sourcecode.swift; path = WidgetCatLiveActivity.swift; sourceTree = "<group>"; };
		33611C1E29725C0000F9A23C /* WidgetCat.swift */ = {isa = PBXFileReference; lastKnownFileType = sourcecode.swift; path = WidgetCat.swift; sourceTree = "<group>"; };
		33611C2029725C0000F9A23C /* WidgetCat.intentdefinition */ = {isa = PBXFileReference; lastKnownFileType = file.intentdefinition; path = WidgetCat.intentdefinition; sourceTree = "<group>"; };
		33611C2129725C0200F9A23C /* Assets.xcassets */ = {isa = PBXFileReference; lastKnownFileType = folder.assetcatalog; path = Assets.xcassets; sourceTree = "<group>"; };
		33611C2329725C0200F9A23C /* Info.plist */ = {isa = PBXFileReference; lastKnownFileType = text.plist.xml; path = Info.plist; sourceTree = "<group>"; };
		33611C3129725E3300F9A23C /* WidgetCatExtension.entitlements */ = {isa = PBXFileReference; lastKnownFileType = text.plist.entitlements; path = WidgetCatExtension.entitlements; sourceTree = "<group>"; };
/* End PBXFileReference section */

/* Begin PBXFrameworksBuildPhase section */
		33611BF329724BD000F9A23C /* Frameworks */ = {
			isa = PBXFrameworksBuildPhase;
			buildActionMask = 2147483647;
			files = (
			);
			runOnlyForDeploymentPostprocessing = 0;
		};
		33611C1029725C0000F9A23C /* Frameworks */ = {
			isa = PBXFrameworksBuildPhase;
			buildActionMask = 2147483647;
			files = (
				33611C1829725C0000F9A23C /* SwiftUI.framework in Frameworks */,
				33611C1629725C0000F9A23C /* WidgetKit.framework in Frameworks */,
			);
			runOnlyForDeploymentPostprocessing = 0;
		};
/* End PBXFrameworksBuildPhase section */

/* Begin PBXGroup section */
		33611BED29724BCF00F9A23C = {
			isa = PBXGroup;
			children = (
				33611C3129725E3300F9A23C /* WidgetCatExtension.entitlements */,
				33611BF829724BD000F9A23C /* CatWidget */,
				33611C1929725C0000F9A23C /* WidgetCat */,
				33611C1429725C0000F9A23C /* Frameworks */,
				33611BF729724BD000F9A23C /* Products */,
			);
			sourceTree = "<group>";
		};
		33611BF729724BD000F9A23C /* Products */ = {
			isa = PBXGroup;
			children = (
				33611BF629724BD000F9A23C /* CatWidget.app */,
				33611C1329725C0000F9A23C /* WidgetCatExtension.appex */,
			);
			name = Products;
			sourceTree = "<group>";
		};
		33611BF829724BD000F9A23C /* CatWidget */ = {
			isa = PBXGroup;
			children = (
				33611C0E29725A7700F9A23C /* CatWidget.entitlements */,
				33611C0929724D5500F9A23C /* Model */,
				33611BF929724BD000F9A23C /* CatWidgetApp.swift */,
				33611BFB29724BD000F9A23C /* ContentView.swift */,
				33611BFD29724BD200F9A23C /* Assets.xcassets */,
				33611BFF29724BD200F9A23C /* Preview Content */,
				33611C0A29724ECE00F9A23C /* CircularImageView.swift */,
				33611C0C2972510A00F9A23C /* CatView.swift */,
			);
			path = CatWidget;
			sourceTree = "<group>";
		};
		33611BFF29724BD200F9A23C /* Preview Content */ = {
			isa = PBXGroup;
			children = (
				33611C0029724BD200F9A23C /* Preview Assets.xcassets */,
			);
			path = "Preview Content";
			sourceTree = "<group>";
		};
		33611C0929724D5500F9A23C /* Model */ = {
			isa = PBXGroup;
			children = (
				33611C0729724D4500F9A23C /* Cat.swift */,
			);
			name = Model;
			sourceTree = "<group>";
		};
		33611C1429725C0000F9A23C /* Frameworks */ = {
			isa = PBXGroup;
			children = (
				33611C1529725C0000F9A23C /* WidgetKit.framework */,
				33611C1729725C0000F9A23C /* SwiftUI.framework */,
			);
			name = Frameworks;
			sourceTree = "<group>";
		};
		33611C1929725C0000F9A23C /* WidgetCat */ = {
			isa = PBXGroup;
			children = (
				33611C1A29725C0000F9A23C /* WidgetCatBundle.swift */,
				33611C1C29725C0000F9A23C /* WidgetCatLiveActivity.swift */,
				33611C1E29725C0000F9A23C /* WidgetCat.swift */,
				33611C2029725C0000F9A23C /* WidgetCat.intentdefinition */,
				33611C2129725C0200F9A23C /* Assets.xcassets */,
				33611C2329725C0200F9A23C /* Info.plist */,
			);
			path = WidgetCat;
			sourceTree = "<group>";
		};
/* End PBXGroup section */

/* Begin PBXNativeTarget section */
		33611BF529724BD000F9A23C /* CatWidget */ = {
			isa = PBXNativeTarget;
			buildConfigurationList = 33611C0429724BD200F9A23C /* Build configuration list for PBXNativeTarget "CatWidget" */;
			buildPhases = (
				33611BF229724BD000F9A23C /* Sources */,
				33611BF329724BD000F9A23C /* Frameworks */,
				33611BF429724BD000F9A23C /* Resources */,
				33611C2C29725C0200F9A23C /* Embed Foundation Extensions */,
			);
			buildRules = (
			);
			dependencies = (
				33611C2729725C0200F9A23C /* PBXTargetDependency */,
			);
			name = CatWidget;
			productName = CatWidget;
			productReference = 33611BF629724BD000F9A23C /* CatWidget.app */;
			productType = "com.apple.product-type.application";
		};
		33611C1229725C0000F9A23C /* WidgetCatExtension */ = {
			isa = PBXNativeTarget;
			buildConfigurationList = 33611C2929725C0200F9A23C /* Build configuration list for PBXNativeTarget "WidgetCatExtension" */;
			buildPhases = (
				33611C0F29725C0000F9A23C /* Sources */,
				33611C1029725C0000F9A23C /* Frameworks */,
				33611C1129725C0000F9A23C /* Resources */,
			);
			buildRules = (
			);
			dependencies = (
			);
			name = WidgetCatExtension;
			productName = WidgetCatExtension;
			productReference = 33611C1329725C0000F9A23C /* WidgetCatExtension.appex */;
			productType = "com.apple.product-type.app-extension";
		};
/* End PBXNativeTarget section */

/* Begin PBXProject section */
		33611BEE29724BCF00F9A23C /* Project object */ = {
			isa = PBXProject;
			attributes = {
				BuildIndependentTargetsInParallel = 1;
				LastSwiftUpdateCheck = 1420;
				LastUpgradeCheck = 1420;
				TargetAttributes = {
					33611BF529724BD000F9A23C = {
						CreatedOnToolsVersion = 14.2;
					};
					33611C1229725C0000F9A23C = {
						CreatedOnToolsVersion = 14.2;
					};
				};
			};
			buildConfigurationList = 33611BF129724BCF00F9A23C /* Build configuration list for PBXProject "CatWidget" */;
			compatibilityVersion = "Xcode 14.0";
			developmentRegion = en;
			hasScannedForEncodings = 0;
			knownRegions = (
				en,
				Base,
			);
			mainGroup = 33611BED29724BCF00F9A23C;
			productRefGroup = 33611BF729724BD000F9A23C /* Products */;
			projectDirPath = "";
			projectRoot = "";
			targets = (
				33611BF529724BD000F9A23C /* CatWidget */,
				33611C1229725C0000F9A23C /* WidgetCatExtension */,
			);
		};
/* End PBXProject section */

/* Begin PBXResourcesBuildPhase section */
		33611BF429724BD000F9A23C /* Resources */ = {
			isa = PBXResourcesBuildPhase;
			buildActionMask = 2147483647;
			files = (
				33611C0129724BD200F9A23C /* Preview Assets.xcassets in Resources */,
				33611BFE29724BD200F9A23C /* Assets.xcassets in Resources */,
			);
			runOnlyForDeploymentPostprocessing = 0;
		};
		33611C1129725C0000F9A23C /* Resources */ = {
			isa = PBXResourcesBuildPhase;
			buildActionMask = 2147483647;
			files = (
				33611C3029725E1900F9A23C /* Assets.xcassets in Resources */,
				33611C2229725C0200F9A23C /* Assets.xcassets in Resources */,
			);
			runOnlyForDeploymentPostprocessing = 0;
		};
/* End PBXResourcesBuildPhase section */

/* Begin PBXSourcesBuildPhase section */
		33611BF229724BD000F9A23C /* Sources */ = {
			isa = PBXSourcesBuildPhase;
			buildActionMask = 2147483647;
			files = (
				33611BFC29724BD000F9A23C /* ContentView.swift in Sources */,
				33611C2529725C0200F9A23C /* WidgetCat.intentdefinition in Sources */,
				33611C0B29724ECE00F9A23C /* CircularImageView.swift in Sources */,
				33611BFA29724BD000F9A23C /* CatWidgetApp.swift in Sources */,
				33611C0829724D4500F9A23C /* Cat.swift in Sources */,
				33611C0D2972510A00F9A23C /* CatView.swift in Sources */,
			);
			runOnlyForDeploymentPostprocessing = 0;
		};
		33611C0F29725C0000F9A23C /* Sources */ = {
			isa = PBXSourcesBuildPhase;
			buildActionMask = 2147483647;
			files = (
				33611C1B29725C0000F9A23C /* WidgetCatBundle.swift in Sources */,
				33611C2F29725C7200F9A23C /* Cat.swift in Sources */,
				33611C2E29725C6500F9A23C /* CircularImageView.swift in Sources */,
				33611C1D29725C0000F9A23C /* WidgetCatLiveActivity.swift in Sources */,
				33611C1F29725C0000F9A23C /* WidgetCat.swift in Sources */,
				33611C2429725C0200F9A23C /* WidgetCat.intentdefinition in Sources */,
				33611C2D29725C5400F9A23C /* CatView.swift in Sources */,
			);
			runOnlyForDeploymentPostprocessing = 0;
		};
/* End PBXSourcesBuildPhase section */

/* Begin PBXTargetDependency section */
		33611C2729725C0200F9A23C /* PBXTargetDependency */ = {
			isa = PBXTargetDependency;
			target = 33611C1229725C0000F9A23C /* WidgetCatExtension */;
			targetProxy = 33611C2629725C0200F9A23C /* PBXContainerItemProxy */;
		};
/* End PBXTargetDependency section */

/* Begin XCBuildConfiguration section */
		33611C0229724BD200F9A23C /* Debug */ = {
			isa = XCBuildConfiguration;
			buildSettings = {
				ALWAYS_SEARCH_USER_PATHS = NO;
				CLANG_ANALYZER_NONNULL = YES;
				CLANG_ANALYZER_NUMBER_OBJECT_CONVERSION = YES_AGGRESSIVE;
				CLANG_CXX_LANGUAGE_STANDARD = "gnu++20";
				CLANG_ENABLE_MODULES = YES;
				CLANG_ENABLE_OBJC_ARC = YES;
				CLANG_ENABLE_OBJC_WEAK = YES;
				CLANG_WARN_BLOCK_CAPTURE_AUTORELEASING = YES;
				CLANG_WARN_BOOL_CONVERSION = YES;
				CLANG_WARN_COMMA = YES;
				CLANG_WARN_CONSTANT_CONVERSION = YES;
				CLANG_WARN_DEPRECATED_OBJC_IMPLEMENTATIONS = YES;
				CLANG_WARN_DIRECT_OBJC_ISA_USAGE = YES_ERROR;
				CLANG_WARN_DOCUMENTATION_COMMENTS = YES;
				CLANG_WARN_EMPTY_BODY = YES;
				CLANG_WARN_ENUM_CONVERSION = YES;
				CLANG_WARN_INFINITE_RECURSION = YES;
				CLANG_WARN_INT_CONVERSION = YES;
				CLANG_WARN_NON_LITERAL_NULL_CONVERSION = YES;
				CLANG_WARN_OBJC_IMPLICIT_RETAIN_SELF = YES;
				CLANG_WARN_OBJC_LITERAL_CONVERSION = YES;
				CLANG_WARN_OBJC_ROOT_CLASS = YES_ERROR;
				CLANG_WARN_QUOTED_INCLUDE_IN_FRAMEWORK_HEADER = YES;
				CLANG_WARN_RANGE_LOOP_ANALYSIS = YES;
				CLANG_WARN_STRICT_PROTOTYPES = YES;
				CLANG_WARN_SUSPICIOUS_MOVE = YES;
				CLANG_WARN_UNGUARDED_AVAILABILITY = YES_AGGRESSIVE;
				CLANG_WARN_UNREACHABLE_CODE = YES;
				CLANG_WARN__DUPLICATE_METHOD_MATCH = YES;
				COPY_PHASE_STRIP = NO;
				DEBUG_INFORMATION_FORMAT = dwarf;
				ENABLE_STRICT_OBJC_MSGSEND = YES;
				ENABLE_TESTABILITY = YES;
				GCC_C_LANGUAGE_STANDARD = gnu11;
				GCC_DYNAMIC_NO_PIC = NO;
				GCC_NO_COMMON_BLOCKS = YES;
				GCC_OPTIMIZATION_LEVEL = 0;
				GCC_PREPROCESSOR_DEFINITIONS = (
					"DEBUG=1",
					"$(inherited)",
				);
				GCC_WARN_64_TO_32_BIT_CONVERSION = YES;
				GCC_WARN_ABOUT_RETURN_TYPE = YES_ERROR;
				GCC_WARN_UNDECLARED_SELECTOR = YES;
				GCC_WARN_UNINITIALIZED_AUTOS = YES_AGGRESSIVE;
				GCC_WARN_UNUSED_FUNCTION = YES;
				GCC_WARN_UNUSED_VARIABLE = YES;
				IPHONEOS_DEPLOYMENT_TARGET = 16.2;
				MTL_ENABLE_DEBUG_INFO = INCLUDE_SOURCE;
				MTL_FAST_MATH = YES;
				ONLY_ACTIVE_ARCH = YES;
				SDKROOT = iphoneos;
				SWIFT_ACTIVE_COMPILATION_CONDITIONS = DEBUG;
				SWIFT_OPTIMIZATION_LEVEL = "-Onone";
			};
			name = Debug;
		};
		33611C0329724BD200F9A23C /* Release */ = {
			isa = XCBuildConfiguration;
			buildSettings = {
				ALWAYS_SEARCH_USER_PATHS = NO;
				CLANG_ANALYZER_NONNULL = YES;
				CLANG_ANALYZER_NUMBER_OBJECT_CONVERSION = YES_AGGRESSIVE;
				CLANG_CXX_LANGUAGE_STANDARD = "gnu++20";
				CLANG_ENABLE_MODULES = YES;
				CLANG_ENABLE_OBJC_ARC = YES;
				CLANG_ENABLE_OBJC_WEAK = YES;
				CLANG_WARN_BLOCK_CAPTURE_AUTORELEASING = YES;
				CLANG_WARN_BOOL_CONVERSION = YES;
				CLANG_WARN_COMMA = YES;
				CLANG_WARN_CONSTANT_CONVERSION = YES;
				CLANG_WARN_DEPRECATED_OBJC_IMPLEMENTATIONS = YES;
				CLANG_WARN_DIRECT_OBJC_ISA_USAGE = YES_ERROR;
				CLANG_WARN_DOCUMENTATION_COMMENTS = YES;
				CLANG_WARN_EMPTY_BODY = YES;
				CLANG_WARN_ENUM_CONVERSION = YES;
				CLANG_WARN_INFINITE_RECURSION = YES;
				CLANG_WARN_INT_CONVERSION = YES;
				CLANG_WARN_NON_LITERAL_NULL_CONVERSION = YES;
				CLANG_WARN_OBJC_IMPLICIT_RETAIN_SELF = YES;
				CLANG_WARN_OBJC_LITERAL_CONVERSION = YES;
				CLANG_WARN_OBJC_ROOT_CLASS = YES_ERROR;
				CLANG_WARN_QUOTED_INCLUDE_IN_FRAMEWORK_HEADER = YES;
				CLANG_WARN_RANGE_LOOP_ANALYSIS = YES;
				CLANG_WARN_STRICT_PROTOTYPES = YES;
				CLANG_WARN_SUSPICIOUS_MOVE = YES;
				CLANG_WARN_UNGUARDED_AVAILABILITY = YES_AGGRESSIVE;
				CLANG_WARN_UNREACHABLE_CODE = YES;
				CLANG_WARN__DUPLICATE_METHOD_MATCH = YES;
				COPY_PHASE_STRIP = NO;
				DEBUG_INFORMATION_FORMAT = "dwarf-with-dsym";
				ENABLE_NS_ASSERTIONS = NO;
				ENABLE_STRICT_OBJC_MSGSEND = YES;
				GCC_C_LANGUAGE_STANDARD = gnu11;
				GCC_NO_COMMON_BLOCKS = YES;
				GCC_WARN_64_TO_32_BIT_CONVERSION = YES;
				GCC_WARN_ABOUT_RETURN_TYPE = YES_ERROR;
				GCC_WARN_UNDECLARED_SELECTOR = YES;
				GCC_WARN_UNINITIALIZED_AUTOS = YES_AGGRESSIVE;
				GCC_WARN_UNUSED_FUNCTION = YES;
				GCC_WARN_UNUSED_VARIABLE = YES;
				IPHONEOS_DEPLOYMENT_TARGET = 16.2;
				MTL_ENABLE_DEBUG_INFO = NO;
				MTL_FAST_MATH = YES;
				SDKROOT = iphoneos;
				SWIFT_COMPILATION_MODE = wholemodule;
				SWIFT_OPTIMIZATION_LEVEL = "-O";
				VALIDATE_PRODUCT = YES;
			};
			name = Release;
		};
		33611C0529724BD200F9A23C /* Debug */ = {
			isa = XCBuildConfiguration;
			buildSettings = {
				ALWAYS_EMBED_SWIFT_STANDARD_LIBRARIES = YES;
				ASSETCATALOG_COMPILER_APPICON_NAME = AppIcon;
				ASSETCATALOG_COMPILER_GLOBAL_ACCENT_COLOR_NAME = AccentColor;
				CODE_SIGN_ENTITLEMENTS = CatWidget/CatWidget.entitlements;
				CODE_SIGN_STYLE = Automatic;
				CURRENT_PROJECT_VERSION = 1;
				DEVELOPMENT_ASSET_PATHS = "\"CatWidget/Preview Content\"";
				DEVELOPMENT_TEAM = FRD38AYZF6;
				ENABLE_PREVIEWS = YES;
				GENERATE_INFOPLIST_FILE = YES;
				INFOPLIST_KEY_UIApplicationSceneManifest_Generation = YES;
				INFOPLIST_KEY_UIApplicationSupportsIndirectInputEvents = YES;
				INFOPLIST_KEY_UILaunchScreen_Generation = YES;
				INFOPLIST_KEY_UISupportedInterfaceOrientations_iPad = "UIInterfaceOrientationPortrait UIInterfaceOrientationPortraitUpsideDown UIInterfaceOrientationLandscapeLeft UIInterfaceOrientationLandscapeRight";
				INFOPLIST_KEY_UISupportedInterfaceOrientations_iPhone = "UIInterfaceOrientationPortrait UIInterfaceOrientationLandscapeLeft UIInterfaceOrientationLandscapeRight";
				LD_RUNPATH_SEARCH_PATHS = (
					"$(inherited)",
					"@executable_path/Frameworks",
				);
				MARKETING_VERSION = 1.0;
				PRODUCT_BUNDLE_IDENTIFIER = "Yuliya-Grygoryeva.CatWidget";
				PRODUCT_NAME = "$(TARGET_NAME)";
				SWIFT_EMIT_LOC_STRINGS = YES;
				SWIFT_VERSION = 5.0;
				TARGETED_DEVICE_FAMILY = "1,2";
			};
			name = Debug;
		};
		33611C0629724BD200F9A23C /* Release */ = {
			isa = XCBuildConfiguration;
			buildSettings = {
				ALWAYS_EMBED_SWIFT_STANDARD_LIBRARIES = YES;
				ASSETCATALOG_COMPILER_APPICON_NAME = AppIcon;
				ASSETCATALOG_COMPILER_GLOBAL_ACCENT_COLOR_NAME = AccentColor;
				CODE_SIGN_ENTITLEMENTS = CatWidget/CatWidget.entitlements;
				CODE_SIGN_STYLE = Automatic;
				CURRENT_PROJECT_VERSION = 1;
				DEVELOPMENT_ASSET_PATHS = "\"CatWidget/Preview Content\"";
				DEVELOPMENT_TEAM = FRD38AYZF6;
				ENABLE_PREVIEWS = YES;
				GENERATE_INFOPLIST_FILE = YES;
				INFOPLIST_KEY_UIApplicationSceneManifest_Generation = YES;
				INFOPLIST_KEY_UIApplicationSupportsIndirectInputEvents = YES;
				INFOPLIST_KEY_UILaunchScreen_Generation = YES;
				INFOPLIST_KEY_UISupportedInterfaceOrientations_iPad = "UIInterfaceOrientationPortrait UIInterfaceOrientationPortraitUpsideDown UIInterfaceOrientationLandscapeLeft UIInterfaceOrientationLandscapeRight";
				INFOPLIST_KEY_UISupportedInterfaceOrientations_iPhone = "UIInterfaceOrientationPortrait UIInterfaceOrientationLandscapeLeft UIInterfaceOrientationLandscapeRight";
				LD_RUNPATH_SEARCH_PATHS = (
					"$(inherited)",
					"@executable_path/Frameworks",
				);
				MARKETING_VERSION = 1.0;
				PRODUCT_BUNDLE_IDENTIFIER = "Yuliya-Grygoryeva.CatWidget";
				PRODUCT_NAME = "$(TARGET_NAME)";
				SWIFT_EMIT_LOC_STRINGS = YES;
				SWIFT_VERSION = 5.0;
				TARGETED_DEVICE_FAMILY = "1,2";
			};
			name = Release;
		};
		33611C2A29725C0200F9A23C /* Debug */ = {
			isa = XCBuildConfiguration;
			buildSettings = {
				ASSETCATALOG_COMPILER_GLOBAL_ACCENT_COLOR_NAME = AccentColor;
				ASSETCATALOG_COMPILER_WIDGET_BACKGROUND_COLOR_NAME = WidgetBackground;
				CODE_SIGN_ENTITLEMENTS = WidgetCatExtension.entitlements;
				CODE_SIGN_STYLE = Automatic;
				CURRENT_PROJECT_VERSION = 1;
				DEVELOPMENT_TEAM = FRD38AYZF6;
				GENERATE_INFOPLIST_FILE = YES;
				INFOPLIST_FILE = WidgetCat/Info.plist;
				INFOPLIST_KEY_CFBundleDisplayName = WidgetCat;
				INFOPLIST_KEY_NSHumanReadableCopyright = "";
				LD_RUNPATH_SEARCH_PATHS = (
					"$(inherited)",
					"@executable_path/Frameworks",
					"@executable_path/../../Frameworks",
				);
				MARKETING_VERSION = 1.0;
				PRODUCT_BUNDLE_IDENTIFIER = "Yuliya-Grygoryeva.CatWidget.WidgetCat";
				PRODUCT_NAME = "$(TARGET_NAME)";
				SKIP_INSTALL = YES;
				SWIFT_EMIT_LOC_STRINGS = YES;
				SWIFT_VERSION = 5.0;
				TARGETED_DEVICE_FAMILY = "1,2";
			};
			name = Debug;
		};
		33611C2B29725C0200F9A23C /* Release */ = {
			isa = XCBuildConfiguration;
			buildSettings = {
				ASSETCATALOG_COMPILER_GLOBAL_ACCENT_COLOR_NAME = AccentColor;
				ASSETCATALOG_COMPILER_WIDGET_BACKGROUND_COLOR_NAME = WidgetBackground;
				CODE_SIGN_ENTITLEMENTS = WidgetCatExtension.entitlements;
				CODE_SIGN_STYLE = Automatic;
				CURRENT_PROJECT_VERSION = 1;
				DEVELOPMENT_TEAM = FRD38AYZF6;
				GENERATE_INFOPLIST_FILE = YES;
				INFOPLIST_FILE = WidgetCat/Info.plist;
				INFOPLIST_KEY_CFBundleDisplayName = WidgetCat;
				INFOPLIST_KEY_NSHumanReadableCopyright = "";
				LD_RUNPATH_SEARCH_PATHS = (
					"$(inherited)",
					"@executable_path/Frameworks",
					"@executable_path/../../Frameworks",
				);
				MARKETING_VERSION = 1.0;
				PRODUCT_BUNDLE_IDENTIFIER = "Yuliya-Grygoryeva.CatWidget.WidgetCat";
				PRODUCT_NAME = "$(TARGET_NAME)";
				SKIP_INSTALL = YES;
				SWIFT_EMIT_LOC_STRINGS = YES;
				SWIFT_VERSION = 5.0;
				TARGETED_DEVICE_FAMILY = "1,2";
			};
			name = Release;
		};
/* End XCBuildConfiguration section */

/* Begin XCConfigurationList section */
		33611BF129724BCF00F9A23C /* Build configuration list for PBXProject "CatWidget" */ = {
			isa = XCConfigurationList;
			buildConfigurations = (
				33611C0229724BD200F9A23C /* Debug */,
				33611C0329724BD200F9A23C /* Release */,
			);
			defaultConfigurationIsVisible = 0;
			defaultConfigurationName = Release;
		};
		33611C0429724BD200F9A23C /* Build configuration list for PBXNativeTarget "CatWidget" */ = {
			isa = XCConfigurationList;
			buildConfigurations = (
				33611C0529724BD200F9A23C /* Debug */,
				33611C0629724BD200F9A23C /* Release */,
			);
			defaultConfigurationIsVisible = 0;
			defaultConfigurationName = Release;
		};
		33611C2929725C0200F9A23C /* Build configuration list for PBXNativeTarget "WidgetCatExtension" */ = {
			isa = XCConfigurationList;
			buildConfigurations = (
				33611C2A29725C0200F9A23C /* Debug */,
				33611C2B29725C0200F9A23C /* Release */,
			);
			defaultConfigurationIsVisible = 0;
			defaultConfigurationName = Release;
		};
/* End XCConfigurationList section */
	};
	rootObject = 33611BEE29724BCF00F9A23C /* Project object */;
}
